Microsoft Visual Studio Solution File, Format Version 12.00
# Visual Studio Version 17
VisualStudioVersion = 17.5.2.0
MinimumVisualStudioVersion = 10.0.40219.1
Project("{FAE04EC0-301F-11D3-BF4B-00C04F79EFBC}") = "CandidateApi", "CandidateApi.csproj", "{5D38F368-6F8F-71A0-7BFF-BC08BCD9B747}"
EndProject
Global
	GlobalSection(SolutionConfigurationPlatforms) = preSolution
		Debug|Any CPU = Debug|Any CPU
		Release|Any CPU = Release|Any CPU
	EndGlobalSection
	GlobalSection(ProjectConfigurationPlatforms) = postSolution
		{5D38F368-6F8F-71A0-7BFF-BC08BCD9B747}.Debug|Any CPU.ActiveCfg = Debug|Any CPU
		{5D38F368-6F8F-71A0-7BFF-BC08BCD9B747}.Debug|Any CPU.Build.0 = Debug|Any CPU
		{5D38F368-6F8F-71A0-7BFF-BC08BCD9B747}.Release|Any CPU.ActiveCfg = Release|Any CPU
		{5D38F368-6F8F-71A0-7BFF-BC08BCD9B747}.Release|Any CPU.Build.0 = Release|Any CPU
	EndGlobalSection
	GlobalSection(SolutionProperties) = preSolution
		HideSolutionNode = FALSE
	EndGlobalSection
	GlobalSection(ExtensibilityGlobals) = postSolution
		SolutionGuid = {7AC29288-AC93-4040-BD30-039E97E0DB81}
	EndGlobalSection
EndGlobal
